Microsoft Visual Studio Solution File, Format Version 12.00
# Visual Studio Version 17
VisualStudioVersion = 17.5.2.0
MinimumVisualStudioVersion = 10.0.40219.1
Project("{FAE04EC0-301F-11D3-BF4B-00C04F79EFBC}") = "ImageToPdfApi", "ImageToPdfApi\ImageToPdfApi.csproj", "{1013E679-5347-19D6-AD91-EE4B6E75A1E7}"
EndProject
Global
	GlobalSection(SolutionConfigurationPlatforms) = preSolution
		Debug|Any CPU = Debug|Any CPU
		Release|Any CPU = Release|Any CPU
	EndGlobalSection
	GlobalSection(ProjectConfigurationPlatforms) = postSolution
		{1013E679-5347-19D6-AD91-EE4B6E75A1E7}.Debug|Any CPU.ActiveCfg = Debug|Any CPU
		{1013E679-5347-19D6-AD91-EE4B6E75A1E7}.Debug|Any CPU.Build.0 = Debug|Any CPU
		{1013E679-5347-19D6-AD91-EE4B6E75A1E7}.Release|Any CPU.ActiveCfg = Release|Any CPU
		{1013E679-5347-19D6-AD91-EE4B6E75A1E7}.Release|Any CPU.Build.0 = Release|Any CPU
	EndGlobalSection
	GlobalSection(SolutionProperties) = preSolution
		HideSolutionNode = FALSE
	EndGlobalSection
	GlobalSection(ExtensibilityGlobals) = postSolution
		SolutionGuid = {5627C47C-B2F3-43A8-BFA9-BD8B5CF579B9}
	EndGlobalSection
EndGlobal
